
Microsoft Visual Studio Solution File, Format Version 12.00
Project("{FAE04EC0-301F-11D3-BF4B-00C04F79EFBC}") = "NumericalMethods", "NumericalMethods.csproj", "{F943F466-6FA8-4783-8F78-53F1DBAAEC73}"
EndProject
Project("{FAE04EC0-301F-11D3-BF4B-00C04F79EFBC}") = "NumericalMethodsLib", "NumericalMethodsLib\NumericalMethodsLib.csproj", "{00A308AA-6602-4BB8-BA4A-25D74E6EA6D3}"
EndProject
Global
	GlobalSection(SolutionConfigurationPlatforms) = preSolution
		Debug|Any CPU = Debug|Any CPU
		Release|Any CPU = Release|Any CPU
	EndGlobalSection
	GlobalSection(ProjectConfigurationPlatforms) = postSolution
		{F943F466-6FA8-4783-8F78-53F1DBAAEC73}.Debug|Any CPU.ActiveCfg = Debug|Any CPU
		{F943F466-6FA8-4783-8F78-53F1DBAAEC73}.Debug|Any CPU.Build.0 = Debug|Any CPU
		{F943F466-6FA8-4783-8F78-53F1DBAAEC73}.Release|Any CPU.ActiveCfg = Release|Any CPU
		{F943F466-6FA8-4783-8F78-53F1DBAAEC73}.Release|Any CPU.Build.0 = Release|Any CPU
		{00A308AA-6602-4BB8-BA4A-25D74E6EA6D3}.Debug|Any CPU.ActiveCfg = Debug|Any CPU
		{00A308AA-6602-4BB8-BA4A-25D74E6EA6D3}.Debug|Any CPU.Build.0 = Debug|Any CPU
		{00A308AA-6602-4BB8-BA4A-25D74E6EA6D3}.Release|Any CPU.ActiveCfg = Release|Any CPU
		{00A308AA-6602-4BB8-BA4A-25D74E6EA6D3}.Release|Any CPU.Build.0 = Release|Any CPU
	EndGlobalSection
EndGlobal
